
Microsoft Visual Studio Solution File, Format Version 12.00
# Visual Studio 15
VisualStudioVersion = 15.0.26430.6
MinimumVisualStudioVersion = 10.0.40219.1
Project("{FAE04EC0-301F-11D3-BF4B-00C04F79EFBC}") = "AchtungMod", "AchtungMod\AchtungMod.csproj", "{8BD5A28F-96C4-43B4-907F-600AA0162F84}"
EndProject
Global
	GlobalSection(SolutionConfigurationPlatforms) = preSolution
		Debug|Any CPU = Debug|Any CPU
		Release|Any CPU = Release|Any CPU
	EndGlobalSection
	GlobalSection(ProjectConfigurationPlatforms) = postSolution
		{8BD5A28F-96C4-43B4-907F-600AA0162F84}.Debug|Any CPU.ActiveCfg = Debug|Any CPU
		{8BD5A28F-96C4-43B4-907F-600AA0162F84}.Debug|Any CPU.Build.0 = Debug|Any CPU
		{8BD5A28F-96C4-43B4-907F-600AA0162F84}.Release|Any CPU.ActiveCfg = Release|Any CPU
		{8BD5A28F-96C4-43B4-907F-600AA0162F84}.Release|Any CPU.Build.0 = Release|Any CPU
	EndGlobalSection
	GlobalSection(SolutionProperties) = preSolution
		HideSolutionNode = FALSE
	EndGlobalSection
	GlobalSection(ExtensibilityGlobals) = postSolution
		BuildVersion_StartDate = 2000/1/1
		BuildVersion_IncrementBeforeBuild = False
		BuildVersion_ConfigurationName = Any
		BuildVersion_DetectChanges = False
		BuildVersion_BuildVersioningStyle = None.None.None.None
		BuildVersion_UpdateAssemblyVersion = False
		BuildVersion_UpdateFileVersion = False
		BuildVersion_UseGlobalSettings = False
		BuildVersion_UseUniversalClock = False
		BuildVersion_ReplaceNonNumerics = False
	EndGlobalSection
EndGlobal
